
Microsoft Visual Studio Solution File, Format Version 12.00
# Visual Studio 15
VisualStudioVersion = 15.0.28010.2041
MinimumVisualStudioVersion = 10.0.40219.1
Project("{FAE04EC0-301F-11D3-BF4B-00C04F79EFBC}") = "EmployeeWageV2", "EmployeeWageV2\EmployeeWageV2.csproj", "{D816FE9B-62DE-4FCF-8933-3F39EE420365}"
EndProject
Global
	GlobalSection(SolutionConfigurationPlatforms) = preSolution
		Debug|Any CPU = Debug|Any CPU
		Release|Any CPU = Release|Any CPU
	EndGlobalSection
	GlobalSection(ProjectConfigurationPlatforms) = postSolution
		{D816FE9B-62DE-4FCF-8933-3F39EE420365}.Debug|Any CPU.ActiveCfg = Debug|Any CPU
		{D816FE9B-62DE-4FCF-8933-3F39EE420365}.Debug|Any CPU.Build.0 = Debug|Any CPU
		{D816FE9B-62DE-4FCF-8933-3F39EE420365}.Release|Any CPU.ActiveCfg = Release|Any CPU
		{D816FE9B-62DE-4FCF-8933-3F39EE420365}.Release|Any CPU.Build.0 = Release|Any CPU
	EndGlobalSection
	GlobalSection(SolutionProperties) = preSolution
		HideSolutionNode = FALSE
	EndGlobalSection
	GlobalSection(ExtensibilityGlobals) = postSolution
		SolutionGuid = {1D988D81-2723-4372-BCD3-39A0B64863C5}
	EndGlobalSection
EndGlobal
